// !$*UTF8*$!
{
	archiveVersion = 1;
	classes = {
	};
	objectVersion = 55;
	objects = {

/* Begin PBXBuildFile section */
		F15CA9DC2750967D00CFAC4D /* FirebaseFriendStorageType.swift in Sources */ = {isa = PBXBuildFile; fileRef = F15CA9DB2750967D00CFAC4D /* FirebaseFriendStorageType.swift */; };
		F15CA9DE2750968A00CFAC4D /* FirebaseFriendStorage.swift in Sources */ = {isa = PBXBuildFile; fileRef = F15CA9DD2750968A00CFAC4D /* FirebaseFriendStorage.swift */; };
		F15CA9E02750991600CFAC4D /* FriendStorableViewModelType.swift in Sources */ = {isa = PBXBuildFile; fileRef = F15CA9DF2750991600CFAC4D /* FriendStorableViewModelType.swift */; };
		F18E98B2274541BE004F484E /* AlertView.swift in Sources */ = {isa = PBXBuildFile; fileRef = F18E98B1274541BE004F484E /* AlertView.swift */; };
		F1A122A82743585000DAEE14 /* ChatRoomTableViewCell.swift in Sources */ = {isa = PBXBuildFile; fileRef = F1A122A72743585000DAEE14 /* ChatRoomTableViewCell.swift */; };
		F1A2CE83273A7F1E00FCB387 /* AppDelegate.swift in Sources */ = {isa = PBXBuildFile; fileRef = F1A2CE82273A7F1E00FCB387 /* AppDelegate.swift */; };
		F1A2CE85273A7F1E00FCB387 /* SceneDelegate.swift in Sources */ = {isa = PBXBuildFile; fileRef = F1A2CE84273A7F1E00FCB387 /* SceneDelegate.swift */; };
		F1A2CE8C273A7F2100FCB387 /* Assets.xcassets in Resources */ = {isa = PBXBuildFile; fileRef = F1A2CE8B273A7F2100FCB387 /* Assets.xcassets */; };
		F1A2CE8F273A7F2100FCB387 /* LaunchScreen.storyboard in Resources */ = {isa = PBXBuildFile; fileRef = F1A2CE8D273A7F2100FCB387 /* LaunchScreen.storyboard */; };
		F1A2CE9A273A7F2200FCB387 /* HogumachuTalkTests.swift in Sources */ = {isa = PBXBuildFile; fileRef = F1A2CE99273A7F2200FCB387 /* HogumachuTalkTests.swift */; };
		F1A2CEA4273A7F2200FCB387 /* HogumachuTalkUITests.swift in Sources */ = {isa = PBXBuildFile; fileRef = F1A2CEA3273A7F2200FCB387 /* HogumachuTalkUITests.swift */; };
		F1A2CEA6273A7F2200FCB387 /* HogumachuTalkUITestsLaunchTests.swift in Sources */ = {isa = PBXBuildFile; fileRef = F1A2CEA5273A7F2200FCB387 /* HogumachuTalkUITestsLaunchTests.swift */; };
		F1A2CEB9273A7FD000FCB387 /* Coordinator.swift in Sources */ = {isa = PBXBuildFile; fileRef = F1A2CEB8273A7FD000FCB387 /* Coordinator.swift */; };
		F1A2CEBB273A800000FCB387 /* LoginViewController.swift in Sources */ = {isa = PBXBuildFile; fileRef = F1A2CEBA273A800000FCB387 /* LoginViewController.swift */; };
		F1A2CEBD273A800F00FCB387 /* FriendViewController.swift in Sources */ = {isa = PBXBuildFile; fileRef = F1A2CEBC273A800F00FCB387 /* FriendViewController.swift */; };
		F1A2CEBF273A801600FCB387 /* ChatViewController.swift in Sources */ = {isa = PBXBuildFile; fileRef = F1A2CEBE273A801600FCB387 /* ChatViewController.swift */; };
		F1A2CEC1273A801F00FCB387 /* SettingViewController.swift in Sources */ = {isa = PBXBuildFile; fileRef = F1A2CEC0273A801F00FCB387 /* SettingViewController.swift */; };
		F1A2CEC3273A806F00FCB387 /* LoginViewModel.swift in Sources */ = {isa = PBXBuildFile; fileRef = F1A2CEC2273A806F00FCB387 /* LoginViewModel.swift */; };
		F1A2CEC5273A807600FCB387 /* FriendViewModel.swift in Sources */ = {isa = PBXBuildFile; fileRef = F1A2CEC4273A807600FCB387 /* FriendViewModel.swift */; };
		F1A2CEC7273A807C00FCB387 /* ChatViewModel.swift in Sources */ = {isa = PBXBuildFile; fileRef = F1A2CEC6273A807C00FCB387 /* ChatViewModel.swift */; };
		F1A2CEC9273A808300FCB387 /* SettingViewModel.swift in Sources */ = {isa = PBXBuildFile; fileRef = F1A2CEC8273A808300FCB387 /* SettingViewModel.swift */; };
		F1A2CECB273A80A100FCB387 /* CompositionRoot.swift in Sources */ = {isa = PBXBuildFile; fileRef = F1A2CECA273A80A100FCB387 /* CompositionRoot.swift */; };
		F1A2CECE273A8B9B00FCB387 /* SignUpViewController.swift in Sources */ = {isa = PBXBuildFile; fileRef = F1A2CECD273A8B9B00FCB387 /* SignUpViewController.swift */; };
		F1A2CED0273A8BA100FCB387 /* SignUpViewModel.swift in Sources */ = {isa = PBXBuildFile; fileRef = F1A2CECF273A8BA000FCB387 /* SignUpViewModel.swift */; };
		F1A2CED3273A93D500FCB387 /* User.swift in Sources */ = {isa = PBXBuildFile; fileRef = F1A2CED2273A93D500FCB387 /* User.swift */; };
		F1A2CED6273A960800FCB387 /* FirebaseAnalytics in Frameworks */ = {isa = PBXBuildFile; productRef = F1A2CED5273A960800FCB387 /* FirebaseAnalytics */; };
		F1A2CED8273A960800FCB387 /* FirebaseAuth in Frameworks */ = {isa = PBXBuildFile; productRef = F1A2CED7273A960800FCB387 /* FirebaseAuth */; };
		F1A2CEDA273A960800FCB387 /* FirebaseFirestore in Frameworks */ = {isa = PBXBuildFile; productRef = F1A2CED9273A960800FCB387 /* FirebaseFirestore */; };
		F1A2CEDC273A960800FCB387 /* FirebaseFirestoreSwift-Beta in Frameworks */ = {isa = PBXBuildFile; productRef = F1A2CEDB273A960800FCB387 /* FirebaseFirestoreSwift-Beta */; };
		F1A2CEDE273A960800FCB387 /* FirebaseMessaging in Frameworks */ = {isa = PBXBuildFile; productRef = F1A2CEDD273A960800FCB387 /* FirebaseMessaging */; };
		F1A2CEE0273A960800FCB387 /* FirebaseStorage in Frameworks */ = {isa = PBXBuildFile; productRef = F1A2CEDF273A960800FCB387 /* FirebaseStorage */; };
		F1A2CEE3273A969A00FCB387 /* Key.swift in Sources */ = {isa = PBXBuildFile; fileRef = F1A2CEE2273A969A00FCB387 /* Key.swift */; };
		F1A2CEE6273A981E00FCB387 /* FirebaseImp.swift in Sources */ = {isa = PBXBuildFile; fileRef = F1A2CEE5273A981E00FCB387 /* FirebaseImp.swift */; };
		F1A2CEE9273BD85A00FCB387 /* ViewModelType.swift in Sources */ = {isa = PBXBuildFile; fileRef = F1A2CEE8273BD85A00FCB387 /* ViewModelType.swift */; };
		F1A2CEF0273BE79500FCB387 /* GoogleService-Info.plist in Resources */ = {isa = PBXBuildFile; fileRef = F1A2CEEF273BE79500FCB387 /* GoogleService-Info.plist */; };
		F1A2CEF3273BF08600FCB387 /* UserDefaultHelper.swift in Sources */ = {isa = PBXBuildFile; fileRef = F1A2CEF2273BF08600FCB387 /* UserDefaultHelper.swift */; };
		F1A2CEF5273CC5DB00FCB387 /* FriendTableViewCell.swift in Sources */ = {isa = PBXBuildFile; fileRef = F1A2CEF4273CC5DB00FCB387 /* FriendTableViewCell.swift */; };
		F1A2CEF7273CC60400FCB387 /* ProfileTableViewCell.swift in Sources */ = {isa = PBXBuildFile; fileRef = F1A2CEF6273CC60400FCB387 /* ProfileTableViewCell.swift */; };
		F1A2CEFA273E1B2C00FCB387 /* ProfileViewController.swift in Sources */ = {isa = PBXBuildFile; fileRef = F1A2CEF9273E1B2C00FCB387 /* ProfileViewController.swift */; };
		F1A2CEFC273E7BE900FCB387 /* ProfileViewModel.swift in Sources */ = {isa = PBXBuildFile; fileRef = F1A2CEFB273E7BE900FCB387 /* ProfileViewModel.swift */; };
		F1A2CEFF273F89B200FCB387 /* SnapKit in Frameworks */ = {isa = PBXBuildFile; productRef = F1A2CEFE273F89B200FCB387 /* SnapKit */; };
		F1A2CF03274103C600FCB387 /* ImageLoader.swift in Sources */ = {isa = PBXBuildFile; fileRef = F1A2CF02274103C600FCB387 /* ImageLoader.swift */; };
		F1A2CF052741086300FCB387 /* ProfileImageViewController.swift in Sources */ = {isa = PBXBuildFile; fileRef = F1A2CF042741086300FCB387 /* ProfileImageViewController.swift */; };
		F1A2CF092741FD2600FCB387 /* FileManagerHelper.swift in Sources */ = {isa = PBXBuildFile; fileRef = F1A2CF082741FD2600FCB387 /* FileManagerHelper.swift */; };
		F1E19D43274BE710004B4299 /* ImageCacheManager.swift in Sources */ = {isa = PBXBuildFile; fileRef = F1E19D42274BE710004B4299 /* ImageCacheManager.swift */; };
		F1E19D57274DE08C004B4299 /* RxCocoa in Frameworks */ = {isa = PBXBuildFile; productRef = F1E19D56274DE08C004B4299 /* RxCocoa */; };
		F1E19D59274DE08D004B4299 /* RxSwift in Frameworks */ = {isa = PBXBuildFile; productRef = F1E19D58274DE08C004B4299 /* RxSwift */; };
		F1E19D5B274DE120004B4299 /* FirebaseUserStorageType.swift in Sources */ = {isa = PBXBuildFile; fileRef = F1E19D5A274DE120004B4299 /* FirebaseUserStorageType.swift */; };
		F1E19D5D274DE128004B4299 /* FirebaseUserStorage.swift in Sources */ = {isa = PBXBuildFile; fileRef = F1E19D5C274DE128004B4299 /* FirebaseUserStorage.swift */; };
		F1E19D60274DE247004B4299 /* UserStorableViewModelType.swift in Sources */ = {isa = PBXBuildFile; fileRef = F1E19D5F274DE247004B4299 /* UserStorableViewModelType.swift */; };
		F1E19D63274DED98004B4299 /* Image.swift in Sources */ = {isa = PBXBuildFile; fileRef = F1E19D62274DED98004B4299 /* Image.swift */; };
		F1F180A42747EE330023D13F /* ProfileImageType.swift in Sources */ = {isa = PBXBuildFile; fileRef = F1F180A32747EE330023D13F /* ProfileImageType.swift */; };
/* End PBXBuildFile section */

/* Begin PBXContainerItemProxy section */
		F1A2CE96273A7F2200FCB387 /* PBXContainerItemProxy */ = {
			isa = PBXContainerItemProxy;
			containerPortal = F1A2CE77273A7F1E00FCB387 /* Project object */;
			proxyType = 1;
			remoteGlobalIDString = F1A2CE7E273A7F1E00FCB387;
			remoteInfo = HogumachuTalk;
		};
		F1A2CEA0273A7F2200FCB387 /* PBXContainerItemProxy */ = {
			isa = PBXContainerItemProxy;
			containerPortal = F1A2CE77273A7F1E00FCB387 /* Project object */;
			proxyType = 1;
			remoteGlobalIDString = F1A2CE7E273A7F1E00FCB387;
			remoteInfo = HogumachuTalk;
		};
/* End PBXContainerItemProxy section */

/* Begin PBXFileReference section */
		F15CA9DB2750967D00CFAC4D /* FirebaseFriendStorageType.swift */ = {isa = PBXFileReference; lastKnownFileType = sourcecode.swift; path = FirebaseFriendStorageType.swift; sourceTree = "<group>"; };
		F15CA9DD2750968A00CFAC4D /* FirebaseFriendStorage.swift */ = {isa = PBXFileReference; lastKnownFileType = sourcecode.swift; path = FirebaseFriendStorage.swift; sourceTree = "<group>"; };
		F15CA9DF2750991600CFAC4D /* FriendStorableViewModelType.swift */ = {isa = PBXFileReference; lastKnownFileType = sourcecode.swift; path = FriendStorableViewModelType.swift; sourceTree = "<group>"; };
		F18E98B1274541BE004F484E /* AlertView.swift */ = {isa = PBXFileReference; lastKnownFileType = sourcecode.swift; path = AlertView.swift; sourceTree = "<group>"; };
		F1A122A72743585000DAEE14 /* ChatRoomTableViewCell.swift */ = {isa = PBXFileReference; lastKnownFileType = sourcecode.swift; path = ChatRoomTableViewCell.swift; sourceTree = "<group>"; };
		F1A2CE7F273A7F1E00FCB387 /* HogumachuTalk.app */ = {isa = PBXFileReference; explicitFileType = wrapper.application; includeInIndex = 0; path = HogumachuTalk.app; sourceTree = BUILT_PRODUCTS_DIR; };
		F1A2CE82273A7F1E00FCB387 /* AppDelegate.swift */ = {isa = PBXFileReference; lastKnownFileType = sourcecode.swift; path = AppDelegate.swift; sourceTree = "<group>"; };
		F1A2CE84273A7F1E00FCB387 /* SceneDelegate.swift */ = {isa = PBXFileReference; lastKnownFileType = sourcecode.swift; path = SceneDelegate.swift; sourceTree = "<group>"; };
		F1A2CE8B273A7F2100FCB387 /* Assets.xcassets */ = {isa = PBXFileReference; lastKnownFileType = folder.assetcatalog; path = Assets.xcassets; sourceTree = "<group>"; };
		F1A2CE8E273A7F2100FCB387 /* Base */ = {isa = PBXFileReference; lastKnownFileType = file.storyboard; name = Base; path = Base.lproj/LaunchScreen.storyboard; sourceTree = "<group>"; };
		F1A2CE90273A7F2100FCB387 /* Info.plist */ = {isa = PBXFileReference; lastKnownFileType = text.plist.xml; path = Info.plist; sourceTree = "<group>"; };
		F1A2CE95273A7F2200FCB387 /* HogumachuTalkTests.xctest */ = {isa = PBXFileReference; explicitFileType = wrapper.cfbundle; includeInIndex = 0; path = HogumachuTalkTests.xctest; sourceTree = BUILT_PRODUCTS_DIR; };
		F1A2CE99273A7F2200FCB387 /* HogumachuTalkTests.swift */ = {isa = PBXFileReference; lastKnownFileType = sourcecode.swift; path = HogumachuTalkTests.swift; sourceTree = "<group>"; };
		F1A2CE9F273A7F2200FCB387 /* HogumachuTalkUITests.xctest */ = {isa = PBXFileReference; explicitFileType = wrapper.cfbundle; includeInIndex = 0; path = HogumachuTalkUITests.xctest; sourceTree = BUILT_PRODUCTS_DIR; };
		F1A2CEA3273A7F2200FCB387 /* HogumachuTalkUITests.swift */ = {isa = PBXFileReference; lastKnownFileType = sourcecode.swift; path = HogumachuTalkUITests.swift; sourceTree = "<group>"; };
		F1A2CEA5273A7F2200FCB387 /* HogumachuTalkUITestsLaunchTests.swift */ = {isa = PBXFileReference; lastKnownFileType = sourcecode.swift; path = HogumachuTalkUITestsLaunchTests.swift; sourceTree = "<group>"; };
		F1A2CEB8273A7FD000FCB387 /* Coordinator.swift */ = {isa = PBXFileReference; lastKnownFileType = sourcecode.swift; path = Coordinator.swift; sourceTree = "<group>"; };
		F1A2CEBA273A800000FCB387 /* LoginViewController.swift */ = {isa = PBXFileReference; lastKnownFileType = sourcecode.swift; path = LoginViewController.swift; sourceTree = "<group>"; };
		F1A2CEBC273A800F00FCB387 /* FriendViewController.swift */ = {isa = PBXFileReference; lastKnownFileType = sourcecode.swift; path = FriendViewController.swift; sourceTree = "<group>"; };
		F1A2CEBE273A801600FCB387 /* ChatViewController.swift */ = {isa = PBXFileReference; lastKnownFileType = sourcecode.swift; path = ChatViewController.swift; sourceTree = "<group>"; };
		F1A2CEC0273A801F00FCB387 /* SettingViewController.swift */ = {isa = PBXFileReference; lastKnownFileType = sourcecode.swift; path = SettingViewController.swift; sourceTree = "<group>"; };
		F1A2CEC2273A806F00FCB387 /* LoginViewModel.swift */ = {isa = PBXFileReference; lastKnownFileType = sourcecode.swift; path = LoginViewModel.swift; sourceTree = "<group>"; };
		F1A2CEC4273A807600FCB387 /* FriendViewModel.swift */ = {isa = PBXFileReference; lastKnownFileType = sourcecode.swift; path = FriendViewModel.swift; sourceTree = "<group>"; };
		F1A2CEC6273A807C00FCB387 /* ChatViewModel.swift */ = {isa = PBXFileReference; lastKnownFileType = sourcecode.swift; path = ChatViewModel.swift; sourceTree = "<group>"; };
		F1A2CEC8273A808300FCB387 /* SettingViewModel.swift */ = {isa = PBXFileReference; lastKnownFileType = sourcecode.swift; path = SettingViewModel.swift; sourceTree = "<group>"; };
		F1A2CECA273A80A100FCB387 /* CompositionRoot.swift */ = {isa = PBXFileReference; lastKnownFileType = sourcecode.swift; path = CompositionRoot.swift; sourceTree = "<group>"; };
		F1A2CECD273A8B9B00FCB387 /* SignUpViewController.swift */ = {isa = PBXFileReference; lastKnownFileType = sourcecode.swift; path = SignUpViewController.swift; sourceTree = "<group>"; };
		F1A2CECF273A8BA000FCB387 /* SignUpViewModel.swift */ = {isa = PBXFileReference; lastKnownFileType = sourcecode.swift; path = SignUpViewModel.swift; sourceTree = "<group>"; };
		F1A2CED2273A93D500FCB387 /* User.swift */ = {isa = PBXFileReference; lastKnownFileType = sourcecode.swift; path = User.swift; sourceTree = "<group>"; };
		F1A2CEE2273A969A00FCB387 /* Key.swift */ = {isa = PBXFileReference; lastKnownFileType = sourcecode.swift; path = Key.swift; sourceTree = "<group>"; };
		F1A2CEE5273A981E00FCB387 /* FirebaseImp.swift */ = {isa = PBXFileReference; lastKnownFileType = sourcecode.swift; path = FirebaseImp.swift; sourceTree = "<group>"; };
		F1A2CEE8273BD85A00FCB387 /* ViewModelType.swift */ = {isa = PBXFileReference; lastKnownFileType = sourcecode.swift; path = ViewModelType.swift; sourceTree = "<group>"; };
		F1A2CEEF273BE79500FCB387 /* GoogleService-Info.plist */ = {isa = PBXFileReference; fileEncoding = 4; lastKnownFileType = text.plist.xml; path = "GoogleService-Info.plist"; sourceTree = "<group>"; };
		F1A2CEF2273BF08600FCB387 /* UserDefaultHelper.swift */ = {isa = PBXFileReference; lastKnownFileType = sourcecode.swift; path = UserDefaultHelper.swift; sourceTree = "<group>"; };
		F1A2CEF4273CC5DB00FCB387 /* FriendTableViewCell.swift */ = {isa = PBXFileReference; lastKnownFileType = sourcecode.swift; path = FriendTableViewCell.swift; sourceTree = "<group>"; };
		F1A2CEF6273CC60400FCB387 /* ProfileTableViewCell.swift */ = {isa = PBXFileReference; lastKnownFileType = sourcecode.swift; path = ProfileTableViewCell.swift; sourceTree = "<group>"; };
		F1A2CEF9273E1B2C00FCB387 /* ProfileViewController.swift */ = {isa = PBXFileReference; lastKnownFileType = sourcecode.swift; path = ProfileViewController.swift; sourceTree = "<group>"; };
		F1A2CEFB273E7BE900FCB387 /* ProfileViewModel.swift */ = {isa = PBXFileReference; lastKnownFileType = sourcecode.swift; path = ProfileViewModel.swift; sourceTree = "<group>"; };
		F1A2CF02274103C600FCB387 /* ImageLoader.swift */ = {isa = PBXFileReference; lastKnownFileType = sourcecode.swift; path = ImageLoader.swift; sourceTree = "<group>"; };
		F1A2CF042741086300FCB387 /* ProfileImageViewController.swift */ = {isa = PBXFileReference; lastKnownFileType = sourcecode.swift; path = ProfileImageViewController.swift; sourceTree = "<group>"; };
		F1A2CF082741FD2600FCB387 /* FileManagerHelper.swift */ = {isa = PBXFileReference; lastKnownFileType = sourcecode.swift; path = FileManagerHelper.swift; sourceTree = "<group>"; };
		F1E19D42274BE710004B4299 /* ImageCacheManager.swift */ = {isa = PBXFileReference; lastKnownFileType = sourcecode.swift; path = ImageCacheManager.swift; sourceTree = "<group>"; };
		F1E19D5A274DE120004B4299 /* FirebaseUserStorageType.swift */ = {isa = PBXFileReference; lastKnownFileType = sourcecode.swift; path = FirebaseUserStorageType.swift; sourceTree = "<group>"; };
		F1E19D5C274DE128004B4299 /* FirebaseUserStorage.swift */ = {isa = PBXFileReference; lastKnownFileType = sourcecode.swift; path = FirebaseUserStorage.swift; sourceTree = "<group>"; };
		F1E19D5F274DE247004B4299 /* UserStorableViewModelType.swift */ = {isa = PBXFileReference; lastKnownFileType = sourcecode.swift; path = UserStorableViewModelType.swift; sourceTree = "<group>"; };
		F1E19D62274DED98004B4299 /* Image.swift */ = {isa = PBXFileReference; lastKnownFileType = sourcecode.swift; path = Image.swift; sourceTree = "<group>"; };
		F1F180A32747EE330023D13F /* ProfileImageType.swift */ = {isa = PBXFileReference; lastKnownFileType = sourcecode.swift; path = ProfileImageType.swift; sourceTree = "<group>"; };
/* End PBXFileReference section */

/* Begin PBXFrameworksBuildPhase section */
		F1A2CE7C273A7F1E00FCB387 /* Frameworks */ = {
			isa = PBXFrameworksBuildPhase;
			buildActionMask = 2147483647;
			files = (
				F1E19D59274DE08D004B4299 /* RxSwift in Frameworks */,
				F1A2CED6273A960800FCB387 /* FirebaseAnalytics in Frameworks */,
				F1A2CEDC273A960800FCB387 /* FirebaseFirestoreSwift-Beta in Frameworks */,
				F1A2CEDE273A960800FCB387 /* FirebaseMessaging in Frameworks */,
				F1A2CEFF273F89B200FCB387 /* SnapKit in Frameworks */,
				F1A2CED8273A960800FCB387 /* FirebaseAuth in Frameworks */,
				F1A2CEDA273A960800FCB387 /* FirebaseFirestore in Frameworks */,
				F1E19D57274DE08C004B4299 /* RxCocoa in Frameworks */,
				F1A2CEE0273A960800FCB387 /* FirebaseStorage in Frameworks */,
			);
			runOnlyForDeploymentPostprocessing = 0;
		};
		F1A2CE92273A7F2200FCB387 /* Frameworks */ = {
			isa = PBXFrameworksBuildPhase;
			buildActionMask = 2147483647;
			files = (
			);
			runOnlyForDeploymentPostprocessing = 0;
		};
		F1A2CE9C273A7F2200FCB387 /* Frameworks */ = {
			isa = PBXFrameworksBuildPhase;
			buildActionMask = 2147483647;
			files = (
			);
			runOnlyForDeploymentPostprocessing = 0;
		};
/* End PBXFrameworksBuildPhase section */

/* Begin PBXGroup section */
		F15CA9D92750965800CFAC4D /* UserStorage */ = {
			isa = PBXGroup;
			children = (
				F1E19D5A274DE120004B4299 /* FirebaseUserStorageType.swift */,
				F1E19D5C274DE128004B4299 /* FirebaseUserStorage.swift */,
			);
			path = UserStorage;
			sourceTree = "<group>";
		};
		F15CA9DA2750966000CFAC4D /* FriendStorage */ = {
			isa = PBXGroup;
			children = (
				F15CA9DB2750967D00CFAC4D /* FirebaseFriendStorageType.swift */,
				F15CA9DD2750968A00CFAC4D /* FirebaseFriendStorage.swift */,
			);
			path = FriendStorage;
			sourceTree = "<group>";
		};
		F18E98B0274541B7004F484E /* Alert */ = {
			isa = PBXGroup;
			children = (
				F18E98B1274541BE004F484E /* AlertView.swift */,
			);
			path = Alert;
			sourceTree = "<group>";
		};
		F1A2CE76273A7F1E00FCB387 = {
			isa = PBXGroup;
			children = (
				F1A2CE81273A7F1E00FCB387 /* HogumachuTalk */,
				F1A2CE98273A7F2200FCB387 /* HogumachuTalkTests */,
				F1A2CEA2273A7F2200FCB387 /* HogumachuTalkUITests */,
				F1A2CE80273A7F1E00FCB387 /* Products */,
			);
			sourceTree = "<group>";
		};
		F1A2CE80273A7F1E00FCB387 /* Products */ = {
			isa = PBXGroup;
			children = (
				F1A2CE7F273A7F1E00FCB387 /* HogumachuTalk.app */,
				F1A2CE95273A7F2200FCB387 /* HogumachuTalkTests.xctest */,
				F1A2CE9F273A7F2200FCB387 /* HogumachuTalkUITests.xctest */,
			);
			name = Products;
			sourceTree = "<group>";
		};
		F1A2CE81273A7F1E00FCB387 /* HogumachuTalk */ = {
			isa = PBXGroup;
			children = (
				F1E19D61274DED8E004B4299 /* Constant */,
				F18E98B0274541B7004F484E /* Alert */,
				F1A2CEF1273BF06E00FCB387 /* Service */,
				F1A2CED1273A93CF00FCB387 /* Model */,
				F1A2CEB7273A7FC700FCB387 /* Coordinator */,
				F1A2CEB6273A7FC400FCB387 /* DI */,
				F1A2CEB2273A7F5F00FCB387 /* LoginHome */,
				F1A2CEB3273A7F9800FCB387 /* FriendHome */,
				F1A2CEB4273A7F9C00FCB387 /* ChatHome */,
				F1A2CEB5273A7FA200FCB387 /* SettingHome */,
				F1A2CEEA273BDA5200FCB387 /* Type */,
				F1A2CEE7273B739600FCB387 /* SupportingFiles */,
				F1A2CE90273A7F2100FCB387 /* Info.plist */,
				F1A2CEEF273BE79500FCB387 /* GoogleService-Info.plist */,
			);
			path = HogumachuTalk;
			sourceTree = "<group>";
		};
		F1A2CE98273A7F2200FCB387 /* HogumachuTalkTests */ = {
			isa = PBXGroup;
			children = (
				F1A2CE99273A7F2200FCB387 /* HogumachuTalkTests.swift */,
			);
			path = HogumachuTalkTests;
			sourceTree = "<group>";
		};
		F1A2CEA2273A7F2200FCB387 /* HogumachuTalkUITests */ = {
			isa = PBXGroup;
			children = (
				F1A2CEA3273A7F2200FCB387 /* HogumachuTalkUITests.swift */,
				F1A2CEA5273A7F2200FCB387 /* HogumachuTalkUITestsLaunchTests.swift */,
			);
			path = HogumachuTalkUITests;
			sourceTree = "<group>";
		};
		F1A2CEB2273A7F5F00FCB387 /* LoginHome */ = {
			isa = PBXGroup;
			children = (
				F1A2CECC273A8B8F00FCB387 /* SignUpHome */,
				F1A2CEBA273A800000FCB387 /* LoginViewController.swift */,
				F1A2CEC2273A806F00FCB387 /* LoginViewModel.swift */,
			);
			path = LoginHome;
			sourceTree = "<group>";
		};
		F1A2CEB3273A7F9800FCB387 /* FriendHome */ = {
			isa = PBXGroup;
			children = (
				F1A2CEF8273E1B2000FCB387 /* ProfileHome */,
				F1A2CEBC273A800F00FCB387 /* FriendViewController.swift */,
				F1A2CEC4273A807600FCB387 /* FriendViewModel.swift */,
				F1A2CEF6273CC60400FCB387 /* ProfileTableViewCell.swift */,
				F1A2CEF4273CC5DB00FCB387 /* FriendTableViewCell.swift */,
			);
			path = FriendHome;
			sourceTree = "<group>";
		};
		F1A2CEB4273A7F9C00FCB387 /* ChatHome */ = {
			isa = PBXGroup;
			children = (
				F1A2CEBE273A801600FCB387 /* ChatViewController.swift */,
				F1A122A72743585000DAEE14 /* ChatRoomTableViewCell.swift */,
				F1A2CEC6273A807C00FCB387 /* ChatViewModel.swift */,
			);
			path = ChatHome;
			sourceTree = "<group>";
		};
		F1A2CEB5273A7FA200FCB387 /* SettingHome */ = {
			isa = PBXGroup;
			children = (
				F1A2CEC0273A801F00FCB387 /* SettingViewController.swift */,
				F1A2CEC8273A808300FCB387 /* SettingViewModel.swift */,
			);
			path = SettingHome;
			sourceTree = "<group>";
		};
		F1A2CEB6273A7FC400FCB387 /* DI */ = {
			isa = PBXGroup;
			children = (
				F1A2CECA273A80A100FCB387 /* CompositionRoot.swift */,
			);
			path = DI;
			sourceTree = "<group>";
		};
		F1A2CEB7273A7FC700FCB387 /* Coordinator */ = {
			isa = PBXGroup;
			children = (
				F1A2CEB8273A7FD000FCB387 /* Coordinator.swift */,
			);
			path = Coordinator;
			sourceTree = "<group>";
		};
		F1A2CECC273A8B8F00FCB387 /* SignUpHome */ = {
			isa = PBXGroup;
			children = (
				F1A2CECD273A8B9B00FCB387 /* SignUpViewController.swift */,
				F1A2CECF273A8BA000FCB387 /* SignUpViewModel.swift */,
			);
			path = SignUpHome;
			sourceTree = "<group>";
		};
		F1A2CED1273A93CF00FCB387 /* Model */ = {
			isa = PBXGroup;
			children = (
				F1A2CED2273A93D500FCB387 /* User.swift */,
			);
			path = Model;
			sourceTree = "<group>";
		};
		F1A2CEE4273A97C200FCB387 /* Firebase */ = {
			isa = PBXGroup;
			children = (
				F1E19D5E274DE228004B4299 /* Storage */,
				F1A2CEE5273A981E00FCB387 /* FirebaseImp.swift */,
			);
			path = Firebase;
			sourceTree = "<group>";
		};
		F1A2CEE7273B739600FCB387 /* SupportingFiles */ = {
			isa = PBXGroup;
			children = (
				F1A2CE82273A7F1E00FCB387 /* AppDelegate.swift */,
				F1A2CE84273A7F1E00FCB387 /* SceneDelegate.swift */,
				F1A2CE8B273A7F2100FCB387 /* Assets.xcassets */,
				F1A2CE8D273A7F2100FCB387 /* LaunchScreen.storyboard */,
			);
			path = SupportingFiles;
			sourceTree = "<group>";
		};
		F1A2CEEA273BDA5200FCB387 /* Type */ = {
			isa = PBXGroup;
			children = (
				F1F180A32747EE330023D13F /* ProfileImageType.swift */,
				F1A2CEE8273BD85A00FCB387 /* ViewModelType.swift */,
				F1E19D5F274DE247004B4299 /* UserStorableViewModelType.swift */,
				F15CA9DF2750991600CFAC4D /* FriendStorableViewModelType.swift */,
			);
			path = Type;
			sourceTree = "<group>";
		};
		F1A2CEF1273BF06E00FCB387 /* Service */ = {
			isa = PBXGroup;
			children = (
				F1A2CEE4273A97C200FCB387 /* Firebase */,
				F1A2CEF2273BF08600FCB387 /* UserDefaultHelper.swift */,
				F1A2CF082741FD2600FCB387 /* FileManagerHelper.swift */,
				F1A2CF02274103C600FCB387 /* ImageLoader.swift */,
				F1E19D42274BE710004B4299 /* ImageCacheManager.swift */,
			);
			path = Service;
			sourceTree = "<group>";
		};
		F1A2CEF8273E1B2000FCB387 /* ProfileHome */ = {
			isa = PBXGroup;
			children = (
				F1A2CEF9273E1B2C00FCB387 /* ProfileViewController.swift */,
				F1A2CEFB273E7BE900FCB387 /* ProfileViewModel.swift */,
				F1A2CF042741086300FCB387 /* ProfileImageViewController.swift */,
			);
			path = ProfileHome;
			sourceTree = "<group>";
		};
		F1E19D5E274DE228004B4299 /* Storage */ = {
			isa = PBXGroup;
			children = (
				F15CA9D92750965800CFAC4D /* UserStorage */,
				F15CA9DA2750966000CFAC4D /* FriendStorage */,
			);
			path = Storage;
			sourceTree = "<group>";
		};
		F1E19D61274DED8E004B4299 /* Constant */ = {
			isa = PBXGroup;
			children = (
				F1A2CEE2273A969A00FCB387 /* Key.swift */,
				F1E19D62274DED98004B4299 /* Image.swift */,
			);
			path = Constant;
			sourceTree = "<group>";
		};
/* End PBXGroup section */

/* Begin PBXNativeTarget section */
		F1A2CE7E273A7F1E00FCB387 /* HogumachuTalk */ = {
			isa = PBXNativeTarget;
			buildConfigurationList = F1A2CEA9273A7F2200FCB387 /* Build configuration list for PBXNativeTarget "HogumachuTalk" */;
			buildPhases = (
				F1A2CE7B273A7F1E00FCB387 /* Sources */,
				F1A2CE7C273A7F1E00FCB387 /* Frameworks */,
				F1A2CE7D273A7F1E00FCB387 /* Resources */,
			);
			buildRules = (
			);
			dependencies = (
			);
			name = HogumachuTalk;
			packageProductDependencies = (
				F1A2CED5273A960800FCB387 /* FirebaseAnalytics */,
				F1A2CED7273A960800FCB387 /* FirebaseAuth */,
				F1A2CED9273A960800FCB387 /* FirebaseFirestore */,
				F1A2CEDB273A960800FCB387 /* FirebaseFirestoreSwift-Beta */,
				F1A2CEDD273A960800FCB387 /* FirebaseMessaging */,
				F1A2CEDF273A960800FCB387 /* FirebaseStorage */,
				F1A2CEFE273F89B200FCB387 /* SnapKit */,
				F1E19D56274DE08C004B4299 /* RxCocoa */,
				F1E19D58274DE08C004B4299 /* RxSwift */,
			);
			productName = HogumachuTalk;
			productReference = F1A2CE7F273A7F1E00FCB387 /* HogumachuTalk.app */;
			productType = "com.apple.product-type.application";
		};
		F1A2CE94273A7F2200FCB387 /* HogumachuTalkTests */ = {
			isa = PBXNativeTarget;
			buildConfigurationList = F1A2CEAC273A7F2200FCB387 /* Build configuration list for PBXNativeTarget "HogumachuTalkTests" */;
			buildPhases = (
				F1A2CE91273A7F2200FCB387 /* Sources */,
				F1A2CE92273A7F2200FCB387 /* Frameworks */,
				F1A2CE93273A7F2200FCB387 /* Resources */,
			);
			buildRules = (
			);
			dependencies = (
				F1A2CE97273A7F2200FCB387 /* PBXTargetDependency */,
			);
			name = HogumachuTalkTests;
			productName = HogumachuTalkTests;
			productReference = F1A2CE95273A7F2200FCB387 /* HogumachuTalkTests.xctest */;
			productType = "com.apple.product-type.bundle.unit-test";
		};
		F1A2CE9E273A7F2200FCB387 /* HogumachuTalkUITests */ = {
			isa = PBXNativeTarget;
			buildConfigurationList = F1A2CEAF273A7F2200FCB387 /* Build configuration list for PBXNativeTarget "HogumachuTalkUITests" */;
			buildPhases = (
				F1A2CE9B273A7F2200FCB387 /* Sources */,
				F1A2CE9C273A7F2200FCB387 /* Frameworks */,
				F1A2CE9D273A7F2200FCB387 /* Resources */,
			);
			buildRules = (
			);
			dependencies = (
				F1A2CEA1273A7F2200FCB387 /* PBXTargetDependency */,
			);
			name = HogumachuTalkUITests;
			productName = HogumachuTalkUITests;
			productReference = F1A2CE9F273A7F2200FCB387 /* HogumachuTalkUITests.xctest */;
			productType = "com.apple.product-type.bundle.ui-testing";
		};
/* End PBXNativeTarget section */

/* Begin PBXProject section */
		F1A2CE77273A7F1E00FCB387 /* Project object */ = {
			isa = PBXProject;
			attributes = {
				BuildIndependentTargetsInParallel = 1;
				LastSwiftUpdateCheck = 1310;
				LastUpgradeCheck = 1310;
				TargetAttributes = {
					F1A2CE7E273A7F1E00FCB387 = {
						CreatedOnToolsVersion = 13.1;
					};
					F1A2CE94273A7F2200FCB387 = {
						CreatedOnToolsVersion = 13.1;
						TestTargetID = F1A2CE7E273A7F1E00FCB387;
					};
					F1A2CE9E273A7F2200FCB387 = {
						CreatedOnToolsVersion = 13.1;
						TestTargetID = F1A2CE7E273A7F1E00FCB387;
					};
				};
			};
			buildConfigurationList = F1A2CE7A273A7F1E00FCB387 /* Build configuration list for PBXProject "HogumachuTalk" */;
			compatibilityVersion = "Xcode 13.0";
			developmentRegion = en;
			hasScannedForEncodings = 0;
			knownRegions = (
				en,
				Base,
			);
			mainGroup = F1A2CE76273A7F1E00FCB387;
			packageReferences = (
				F1A2CED4273A960700FCB387 /* XCRemoteSwiftPackageReference "firebase-ios-sdk" */,
				F1A2CEFD273F89B200FCB387 /* XCRemoteSwiftPackageReference "SnapKit" */,
				F1E19D55274DE08C004B4299 /* XCRemoteSwiftPackageReference "RxSwift" */,
			);
			productRefGroup = F1A2CE80273A7F1E00FCB387 /* Products */;
			projectDirPath = "";
			projectRoot = "";
			targets = (
				F1A2CE7E273A7F1E00FCB387 /* HogumachuTalk */,
				F1A2CE94273A7F2200FCB387 /* HogumachuTalkTests */,
				F1A2CE9E273A7F2200FCB387 /* HogumachuTalkUITests */,
			);
		};
/* End PBXProject section */

/* Begin PBXResourcesBuildPhase section */
		F1A2CE7D273A7F1E00FCB387 /* Resources */ = {
			isa = PBXResourcesBuildPhase;
			buildActionMask = 2147483647;
			files = (
				F1A2CE8F273A7F2100FCB387 /* LaunchScreen.storyboard in Resources */,
				F1A2CE8C273A7F2100FCB387 /* Assets.xcassets in Resources */,
				F1A2CEF0273BE79500FCB387 /* GoogleService-Info.plist in Resources */,
			);
			runOnlyForDeploymentPostprocessing = 0;
		};
		F1A2CE93273A7F2200FCB387 /* Resources */ = {
			isa = PBXResourcesBuildPhase;
			buildActionMask = 2147483647;
			files = (
			);
			runOnlyForDeploymentPostprocessing = 0;
		};
		F1A2CE9D273A7F2200FCB387 /* Resources */ = {
			isa = PBXResourcesBuildPhase;
			buildActionMask = 2147483647;
			files = (
			);
			runOnlyForDeploymentPostprocessing = 0;
		};
/* End PBXResourcesBuildPhase section */

/* Begin PBXSourcesBuildPhase section */
		F1A2CE7B273A7F1E00FCB387 /* Sources */ = {
			isa = PBXSourcesBuildPhase;
			buildActionMask = 2147483647;
			files = (
				F1A2CEBB273A800000FCB387 /* LoginViewController.swift in Sources */,
				F1E19D63274DED98004B4299 /* Image.swift in Sources */,
				F1A2CE83273A7F1E00FCB387 /* AppDelegate.swift in Sources */,
				F1E19D43274BE710004B4299 /* ImageCacheManager.swift in Sources */,
				F1A2CEBD273A800F00FCB387 /* FriendViewController.swift in Sources */,
				F1A2CEC5273A807600FCB387 /* FriendViewModel.swift in Sources */,
				F1A2CECB273A80A100FCB387 /* CompositionRoot.swift in Sources */,
				F1E19D5D274DE128004B4299 /* FirebaseUserStorage.swift in Sources */,
				F1A2CEF3273BF08600FCB387 /* UserDefaultHelper.swift in Sources */,
				F1A2CEFA273E1B2C00FCB387 /* ProfileViewController.swift in Sources */,
				F1A2CE85273A7F1E00FCB387 /* SceneDelegate.swift in Sources */,
				F1A2CEF5273CC5DB00FCB387 /* FriendTableViewCell.swift in Sources */,
				F18E98B2274541BE004F484E /* AlertView.swift in Sources */,
				F1A2CED0273A8BA100FCB387 /* SignUpViewModel.swift in Sources */,
				F1A2CEC3273A806F00FCB387 /* LoginViewModel.swift in Sources */,
				F1A2CEE9273BD85A00FCB387 /* ViewModelType.swift in Sources */,
				F1F180A42747EE330023D13F /* ProfileImageType.swift in Sources */,
				F1A2CED3273A93D500FCB387 /* User.swift in Sources */,
				F1A2CEBF273A801600FCB387 /* ChatViewController.swift in Sources */,
				F1A2CF03274103C600FCB387 /* ImageLoader.swift in Sources */,
				F1A2CEC1273A801F00FCB387 /* SettingViewController.swift in Sources */,
				F1A2CEFC273E7BE900FCB387 /* ProfileViewModel.swift in Sources */,
				F1A2CF052741086300FCB387 /* ProfileImageViewController.swift in Sources */,
				F1E19D5B274DE120004B4299 /* FirebaseUserStorageType.swift in Sources */,
				F1A2CEC9273A808300FCB387 /* SettingViewModel.swift in Sources */,
				F1A2CEF7273CC60400FCB387 /* ProfileTableViewCell.swift in Sources */,
				F1A2CEC7273A807C00FCB387 /* ChatViewModel.swift in Sources */,
				F15CA9E02750991600CFAC4D /* FriendStorableViewModelType.swift in Sources */,
				F1A2CEE3273A969A00FCB387 /* Key.swift in Sources */,
				F1A122A82743585000DAEE14 /* ChatRoomTableViewCell.swift in Sources */,
				F1E19D60274DE247004B4299 /* UserStorableViewModelType.swift in Sources */,
				F1A2CECE273A8B9B00FCB387 /* SignUpViewController.swift in Sources */,
				F1A2CF092741FD2600FCB387 /* FileManagerHelper.swift in Sources */,
				F1A2CEE6273A981E00FCB387 /* FirebaseImp.swift in Sources */,
				F15CA9DC2750967D00CFAC4D /* FirebaseFriendStorageType.swift in Sources */,
				F15CA9DE2750968A00CFAC4D /* FirebaseFriendStorage.swift in Sources */,
				F1A2CEB9273A7FD000FCB387 /* Coordinator.swift in Sources */,
			);
			runOnlyForDeploymentPostprocessing = 0;
		};
		F1A2CE91273A7F2200FCB387 /* Sources */ = {
			isa = PBXSourcesBuildPhase;
			buildActionMask = 2147483647;
			files = (
				F1A2CE9A273A7F2200FCB387 /* HogumachuTalkTests.swift in Sources */,
			);
			runOnlyForDeploymentPostprocessing = 0;
		};
		F1A2CE9B273A7F2200FCB387 /* Sources */ = {
			isa = PBXSourcesBuildPhase;
			buildActionMask = 2147483647;
			files = (
				F1A2CEA6273A7F2200FCB387 /* HogumachuTalkUITestsLaunchTests.swift in Sources */,
				F1A2CEA4273A7F2200FCB387 /* HogumachuTalkUITests.swift in Sources */,
			);
			runOnlyForDeploymentPostprocessing = 0;
		};
/* End PBXSourcesBuildPhase section */

/* Begin PBXTargetDependency section */
		F1A2CE97273A7F2200FCB387 /* PBXTargetDependency */ = {
			isa = PBXTargetDependency;
			target = F1A2CE7E273A7F1E00FCB387 /* HogumachuTalk */;
			targetProxy = F1A2CE96273A7F2200FCB387 /* PBXContainerItemProxy */;
		};
		F1A2CEA1273A7F2200FCB387 /* PBXTargetDependency */ = {
			isa = PBXTargetDependency;
			target = F1A2CE7E273A7F1E00FCB387 /* HogumachuTalk */;
			targetProxy = F1A2CEA0273A7F2200FCB387 /* PBXContainerItemProxy */;
		};
/* End PBXTargetDependency section */

/* Begin PBXVariantGroup section */
		F1A2CE8D273A7F2100FCB387 /* LaunchScreen.storyboard */ = {
			isa = PBXVariantGroup;
			children = (
				F1A2CE8E273A7F2100FCB387 /* Base */,
			);
			name = LaunchScreen.storyboard;
			sourceTree = "<group>";
		};
/* End PBXVariantGroup section */

/* Begin XCBuildConfiguration section */
		F1A2CEA7273A7F2200FCB387 /* Debug */ = {
			isa = XCBuildConfiguration;
			buildSettings = {
				ALWAYS_SEARCH_USER_PATHS = NO;
				CLANG_ANALYZER_NONNULL = YES;
				CLANG_ANALYZER_NUMBER_OBJECT_CONVERSION = YES_AGGRESSIVE;
				CLANG_CXX_LANGUAGE_STANDARD = "gnu++17";
				CLANG_CXX_LIBRARY = "libc++";
				CLANG_ENABLE_MODULES = YES;
				CLANG_ENABLE_OBJC_ARC = YES;
				CLANG_ENABLE_OBJC_WEAK = YES;
				CLANG_WARN_BLOCK_CAPTURE_AUTORELEASING = YES;
				CLANG_WARN_BOOL_CONVERSION = YES;
				CLANG_WARN_COMMA = YES;
				CLANG_WARN_CONSTANT_CONVERSION = YES;
				CLANG_WARN_DEPRECATED_OBJC_IMPLEMENTATIONS = YES;
				CLANG_WARN_DIRECT_OBJC_ISA_USAGE = YES_ERROR;
				CLANG_WARN_DOCUMENTATION_COMMENTS = YES;
				CLANG_WARN_EMPTY_BODY = YES;
				CLANG_WARN_ENUM_CONVERSION = YES;
				CLANG_WARN_INFINITE_RECURSION = YES;
				CLANG_WARN_INT_CONVERSION = YES;
				CLANG_WARN_NON_LITERAL_NULL_CONVERSION = YES;
				CLANG_WARN_OBJC_IMPLICIT_RETAIN_SELF = YES;
				CLANG_WARN_OBJC_LITERAL_CONVERSION = YES;
				CLANG_WARN_OBJC_ROOT_CLASS = YES_ERROR;
				CLANG_WARN_QUOTED_INCLUDE_IN_FRAMEWORK_HEADER = YES;
				CLANG_WARN_RANGE_LOOP_ANALYSIS = YES;
				CLANG_WARN_STRICT_PROTOTYPES = YES;
				CLANG_WARN_SUSPICIOUS_MOVE = YES;
				CLANG_WARN_UNGUARDED_AVAILABILITY = YES_AGGRESSIVE;
				CLANG_WARN_UNREACHABLE_CODE = YES;
				CLANG_WARN__DUPLICATE_METHOD_MATCH = YES;
				COPY_PHASE_STRIP = NO;
				DEBUG_INFORMATION_FORMAT = dwarf;
				ENABLE_STRICT_OBJC_MSGSEND = YES;
				ENABLE_TESTABILITY = YES;
				GCC_C_LANGUAGE_STANDARD = gnu11;
				GCC_DYNAMIC_NO_PIC = NO;
				GCC_NO_COMMON_BLOCKS = YES;
				GCC_OPTIMIZATION_LEVEL = 0;
				GCC_PREPROCESSOR_DEFINITIONS = (
					"DEBUG=1",
					"$(inherited)",
				);
				GCC_WARN_64_TO_32_BIT_CONVERSION = YES;
				GCC_WARN_ABOUT_RETURN_TYPE = YES_ERROR;
				GCC_WARN_UNDECLARED_SELECTOR = YES;
				GCC_WARN_UNINITIALIZED_AUTOS = YES_AGGRESSIVE;
				GCC_WARN_UNUSED_FUNCTION = YES;
				GCC_WARN_UNUSED_VARIABLE = YES;
				IPHONEOS_DEPLOYMENT_TARGET = 15.0;
				MTL_ENABLE_DEBUG_INFO = INCLUDE_SOURCE;
				MTL_FAST_MATH = YES;
				ONLY_ACTIVE_ARCH = YES;
				SDKROOT = iphoneos;
				SWIFT_ACTIVE_COMPILATION_CONDITIONS = DEBUG;
				SWIFT_OPTIMIZATION_LEVEL = "-Onone";
			};
			name = Debug;
		};
		F1A2CEA8273A7F2200FCB387 /* Release */ = {
			isa = XCBuildConfiguration;
			buildSettings = {
				ALWAYS_SEARCH_USER_PATHS = NO;
				CLANG_ANALYZER_NONNULL = YES;
				CLANG_ANALYZER_NUMBER_OBJECT_CONVERSION = YES_AGGRESSIVE;
				CLANG_CXX_LANGUAGE_STANDARD = "gnu++17";
				CLANG_CXX_LIBRARY = "libc++";
				CLANG_ENABLE_MODULES = YES;
				CLANG_ENABLE_OBJC_ARC = YES;
				CLANG_ENABLE_OBJC_WEAK = YES;
				CLANG_WARN_BLOCK_CAPTURE_AUTORELEASING = YES;
				CLANG_WARN_BOOL_CONVERSION = YES;
				CLANG_WARN_COMMA = YES;
				CLANG_WARN_CONSTANT_CONVERSION = YES;
				CLANG_WARN_DEPRECATED_OBJC_IMPLEMENTATIONS = YES;
				CLANG_WARN_DIRECT_OBJC_ISA_USAGE = YES_ERROR;
				CLANG_WARN_DOCUMENTATION_COMMENTS = YES;
				CLANG_WARN_EMPTY_BODY = YES;
				CLANG_WARN_ENUM_CONVERSION = YES;
				CLANG_WARN_INFINITE_RECURSION = YES;
				CLANG_WARN_INT_CONVERSION = YES;
				CLANG_WARN_NON_LITERAL_NULL_CONVERSION = YES;
				CLANG_WARN_OBJC_IMPLICIT_RETAIN_SELF = YES;
				CLANG_WARN_OBJC_LITERAL_CONVERSION = YES;
				CLANG_WARN_OBJC_ROOT_CLASS = YES_ERROR;
				CLANG_WARN_QUOTED_INCLUDE_IN_FRAMEWORK_HEADER = YES;
				CLANG_WARN_RANGE_LOOP_ANALYSIS = YES;
				CLANG_WARN_STRICT_PROTOTYPES = YES;
				CLANG_WARN_SUSPICIOUS_MOVE = YES;
				CLANG_WARN_UNGUARDED_AVAILABILITY = YES_AGGRESSIVE;
				CLANG_WARN_UNREACHABLE_CODE = YES;
				CLANG_WARN__DUPLICATE_METHOD_MATCH = YES;
				COPY_PHASE_STRIP = NO;
				DEBUG_INFORMATION_FORMAT = "dwarf-with-dsym";
				ENABLE_NS_ASSERTIONS = NO;
				ENABLE_STRICT_OBJC_MSGSEND = YES;
				GCC_C_LANGUAGE_STANDARD = gnu11;
				GCC_NO_COMMON_BLOCKS = YES;
				GCC_WARN_64_TO_32_BIT_CONVERSION = YES;
				GCC_WARN_ABOUT_RETURN_TYPE = YES_ERROR;
				GCC_WARN_UNDECLARED_SELECTOR = YES;
				GCC_WARN_UNINITIALIZED_AUTOS = YES_AGGRESSIVE;
				GCC_WARN_UNUSED_FUNCTION = YES;
				GCC_WARN_UNUSED_VARIABLE = YES;
				IPHONEOS_DEPLOYMENT_TARGET = 15.0;
				MTL_ENABLE_DEBUG_INFO = NO;
				MTL_FAST_MATH = YES;
				SDKROOT = iphoneos;
				SWIFT_COMPILATION_MODE = wholemodule;
				SWIFT_OPTIMIZATION_LEVEL = "-O";
				VALIDATE_PRODUCT = YES;
			};
			name = Release;
		};
		F1A2CEAA273A7F2200FCB387 /* Debug */ = {
			isa = XCBuildConfiguration;
			buildSettings = {
				ASSETCATALOG_COMPILER_APPICON_NAME = AppIcon;
				ASSETCATALOG_COMPILER_GLOBAL_ACCENT_COLOR_NAME = AccentColor;
				CODE_SIGN_STYLE = Automatic;
				CURRENT_PROJECT_VERSION = 1;
				DEVELOPMENT_TEAM = 62ZLDXLZ77;
				GENERATE_INFOPLIST_FILE = YES;
				INFOPLIST_FILE = HogumachuTalk/Info.plist;
				INFOPLIST_KEY_UIApplicationSupportsIndirectInputEvents = YES;
				INFOPLIST_KEY_UILaunchStoryboardName = LaunchScreen;
				INFOPLIST_KEY_UISupportedInterfaceOrientations = UIInterfaceOrientationPortrait;
				INFOPLIST_KEY_UISupportedInterfaceOrientations_iPad = "UIInterfaceOrientationPortrait UIInterfaceOrientationPortraitUpsideDown UIInterfaceOrientationLandscapeLeft UIInterfaceOrientationLandscapeRight";
				INFOPLIST_KEY_UISupportedInterfaceOrientations_iPhone = "UIInterfaceOrientationPortrait UIInterfaceOrientationLandscapeLeft UIInterfaceOrientationLandscapeRight";
				IPHONEOS_DEPLOYMENT_TARGET = 15.0;
				LD_RUNPATH_SEARCH_PATHS = (
					"$(inherited)",
					"@executable_path/Frameworks",
				);
				MARKETING_VERSION = 1.0;
				PRODUCT_BUNDLE_IDENTIFIER = hogumachu.HogumachuTalk;
				PRODUCT_NAME = "$(TARGET_NAME)";
				SWIFT_EMIT_LOC_STRINGS = YES;
				SWIFT_VERSION = 5.0;
				TARGETED_DEVICE_FAMILY = 1;
			};
			name = Debug;
		};
		F1A2CEAB273A7F2200FCB387 /* Release */ = {
			isa = XCBuildConfiguration;
			buildSettings = {
				ASSETCATALOG_COMPILER_APPICON_NAME = AppIcon;
				ASSETCATALOG_COMPILER_GLOBAL_ACCENT_COLOR_NAME = AccentColor;
				CODE_SIGN_STYLE = Automatic;
				CURRENT_PROJECT_VERSION = 1;
				DEVELOPMENT_TEAM = 62ZLDXLZ77;
				GENERATE_INFOPLIST_FILE = YES;
				INFOPLIST_FILE = HogumachuTalk/Info.plist;
				INFOPLIST_KEY_UIApplicationSupportsIndirectInputEvents = YES;
				INFOPLIST_KEY_UILaunchStoryboardName = LaunchScreen;
				INFOPLIST_KEY_UISupportedInterfaceOrientations = UIInterfaceOrientationPortrait;
				INFOPLIST_KEY_UISupportedInterfaceOrientations_iPad = "UIInterfaceOrientationPortrait UIInterfaceOrientationPortraitUpsideDown UIInterfaceOrientationLandscapeLeft UIInterfaceOrientationLandscapeRight";
				INFOPLIST_KEY_UISupportedInterfaceOrientations_iPhone = "UIInterfaceOrientationPortrait UIInterfaceOrientationLandscapeLeft UIInterfaceOrientationLandscapeRight";
				IPHONEOS_DEPLOYMENT_TARGET = 15.0;
				LD_RUNPATH_SEARCH_PATHS = (
					"$(inherited)",
					"@executable_path/Frameworks",
				);
				MARKETING_VERSION = 1.0;
				PRODUCT_BUNDLE_IDENTIFIER = hogumachu.HogumachuTalk;
				PRODUCT_NAME = "$(TARGET_NAME)";
				SWIFT_EMIT_LOC_STRINGS = YES;
				SWIFT_VERSION = 5.0;
				TARGETED_DEVICE_FAMILY = 1;
			};
			name = Release;
		};
		F1A2CEAD273A7F2200FCB387 /* Debug */ = {
			isa = XCBuildConfiguration;
			buildSettings = {
				ALWAYS_EMBED_SWIFT_STANDARD_LIBRARIES = YES;
				BUNDLE_LOADER = "$(TEST_HOST)";
				CODE_SIGN_STYLE = Automatic;
				CURRENT_PROJECT_VERSION = 1;
				DEVELOPMENT_TEAM = 62ZLDXLZ77;
				GENERATE_INFOPLIST_FILE = YES;
				IPHONEOS_DEPLOYMENT_TARGET = 15.0;
				LD_RUNPATH_SEARCH_PATHS = (
					"$(inherited)",
					"@executable_path/Frameworks",
					"@loader_path/Frameworks",
				);
				MARKETING_VERSION = 1.0;
				PRODUCT_BUNDLE_IDENTIFIER = hogumachu.HogumachuTalkTests;
				PRODUCT_NAME = "$(TARGET_NAME)";
				SWIFT_EMIT_LOC_STRINGS = NO;
				SWIFT_VERSION = 5.0;
				TARGETED_DEVICE_FAMILY = "1,2";
				TEST_HOST = "$(BUILT_PRODUCTS_DIR)/HogumachuTalk.app/HogumachuTalk";
			};
			name = Debug;
		};
		F1A2CEAE273A7F2200FCB387 /* Release */ = {
			isa = XCBuildConfiguration;
			buildSettings = {
				ALWAYS_EMBED_SWIFT_STANDARD_LIBRARIES = YES;
				BUNDLE_LOADER = "$(TEST_HOST)";
				CODE_SIGN_STYLE = Automatic;
				CURRENT_PROJECT_VERSION = 1;
				DEVELOPMENT_TEAM = 62ZLDXLZ77;
				GENERATE_INFOPLIST_FILE = YES;
				IPHONEOS_DEPLOYMENT_TARGET = 15.0;
				LD_RUNPATH_SEARCH_PATHS = (
					"$(inherited)",
					"@executable_path/Frameworks",
					"@loader_path/Frameworks",
				);
				MARKETING_VERSION = 1.0;
				PRODUCT_BUNDLE_IDENTIFIER = hogumachu.HogumachuTalkTests;
				PRODUCT_NAME = "$(TARGET_NAME)";
				SWIFT_EMIT_LOC_STRINGS = NO;
				SWIFT_VERSION = 5.0;
				TARGETED_DEVICE_FAMILY = "1,2";
				TEST_HOST = "$(BUILT_PRODUCTS_DIR)/HogumachuTalk.app/HogumachuTalk";
			};
			name = Release;
		};
		F1A2CEB0273A7F2200FCB387 /* Debug */ = {
			isa = XCBuildConfiguration;
			buildSettings = {
				ALWAYS_EMBED_SWIFT_STANDARD_LIBRARIES = YES;
				CODE_SIGN_STYLE = Automatic;
				CURRENT_PROJECT_VERSION = 1;
				DEVELOPMENT_TEAM = 62ZLDXLZ77;
				GENERATE_INFOPLIST_FILE = YES;
				LD_RUNPATH_SEARCH_PATHS = (
					"$(inherited)",
					"@executable_path/Frameworks",
					"@loader_path/Frameworks",
				);
				MARKETING_VERSION = 1.0;
				PRODUCT_BUNDLE_IDENTIFIER = hogumachu.HogumachuTalkUITests;
				PRODUCT_NAME = "$(TARGET_NAME)";
				SWIFT_EMIT_LOC_STRINGS = NO;
				SWIFT_VERSION = 5.0;
				TARGETED_DEVICE_FAMILY = "1,2";
				TEST_TARGET_NAME = HogumachuTalk;
			};
			name = Debug;
		};
		F1A2CEB1273A7F2200FCB387 /* Release */ = {
			isa = XCBuildConfiguration;
			buildSettings = {
				ALWAYS_EMBED_SWIFT_STANDARD_LIBRARIES = YES;
				CODE_SIGN_STYLE = Automatic;
				CURRENT_PROJECT_VERSION = 1;
				DEVELOPMENT_TEAM = 62ZLDXLZ77;
				GENERATE_INFOPLIST_FILE = YES;
				LD_RUNPATH_SEARCH_PATHS = (
					"$(inherited)",
					"@executable_path/Frameworks",
					"@loader_path/Frameworks",
				);
				MARKETING_VERSION = 1.0;
				PRODUCT_BUNDLE_IDENTIFIER = hogumachu.HogumachuTalkUITests;
				PRODUCT_NAME = "$(TARGET_NAME)";
				SWIFT_EMIT_LOC_STRINGS = NO;
				SWIFT_VERSION = 5.0;
				TARGETED_DEVICE_FAMILY = "1,2";
				TEST_TARGET_NAME = HogumachuTalk;
			};
			name = Release;
		};
/* End XCBuildConfiguration section */

/* Begin XCConfigurationList section */
		F1A2CE7A273A7F1E00FCB387 /* Build configuration list for PBXProject "HogumachuTalk" */ = {
			isa = XCConfigurationList;
			buildConfigurations = (
				F1A2CEA7273A7F2200FCB387 /* Debug */,
				F1A2CEA8273A7F2200FCB387 /* Release */,
			);
			defaultConfigurationIsVisible = 0;
			defaultConfigurationName = Release;
		};
		F1A2CEA9273A7F2200FCB387 /* Build configuration list for PBXNativeTarget "HogumachuTalk" */ = {
			isa = XCConfigurationList;
			buildConfigurations = (
				F1A2CEAA273A7F2200FCB387 /* Debug */,
				F1A2CEAB273A7F2200FCB387 /* Release */,
			);
			defaultConfigurationIsVisible = 0;
			defaultConfigurationName = Release;
		};
		F1A2CEAC273A7F2200FCB387 /* Build configuration list for PBXNativeTarget "HogumachuTalkTests" */ = {
			isa = XCConfigurationList;
			buildConfigurations = (
				F1A2CEAD273A7F2200FCB387 /* Debug */,
				F1A2CEAE273A7F2200FCB387 /* Release */,
			);
			defaultConfigurationIsVisible = 0;
			defaultConfigurationName = Release;
		};
		F1A2CEAF273A7F2200FCB387 /* Build configuration list for PBXNativeTarget "HogumachuTalkUITests" */ = {
			isa = XCConfigurationList;
			buildConfigurations = (
				F1A2CEB0273A7F2200FCB387 /* Debug */,
				F1A2CEB1273A7F2200FCB387 /* Release */,
			);
			defaultConfigurationIsVisible = 0;
			defaultConfigurationName = Release;
		};
/* End XCConfigurationList section */

/* Begin XCRemoteSwiftPackageReference section */
		F1A2CED4273A960700FCB387 /* XCRemoteSwiftPackageReference "firebase-ios-sdk" */ = {
			isa = XCRemoteSwiftPackageReference;
			repositoryURL = "https://github.com/firebase/firebase-ios-sdk.git";
			requirement = {
				branch = master;
				kind = branch;
			};
		};
		F1A2CEFD273F89B200FCB387 /* XCRemoteSwiftPackageReference "SnapKit" */ = {
			isa = XCRemoteSwiftPackageReference;
			repositoryURL = "https://github.com/SnapKit/SnapKit";
			requirement = {
				branch = develop;
				kind = branch;
			};
		};
		F1E19D55274DE08C004B4299 /* XCRemoteSwiftPackageReference "RxSwift" */ = {
			isa = XCRemoteSwiftPackageReference;
			repositoryURL = "https://github.com/ReactiveX/RxSwift";
			requirement = {
				branch = main;
				kind = branch;
			};
		};
/* End XCRemoteSwiftPackageReference section */

/* Begin XCSwiftPackageProductDependency section */
		F1A2CED5273A960800FCB387 /* FirebaseAnalytics */ = {
			isa = XCSwiftPackageProductDependency;
			package = F1A2CED4273A960700FCB387 /* XCRemoteSwiftPackageReference "firebase-ios-sdk" */;
			productName = FirebaseAnalytics;
		};
		F1A2CED7273A960800FCB387 /* FirebaseAuth */ = {
			isa = XCSwiftPackageProductDependency;
			package = F1A2CED4273A960700FCB387 /* XCRemoteSwiftPackageReference "firebase-ios-sdk" */;
			productName = FirebaseAuth;
		};
		F1A2CED9273A960800FCB387 /* FirebaseFirestore */ = {
			isa = XCSwiftPackageProductDependency;
			package = F1A2CED4273A960700FCB387 /* XCRemoteSwiftPackageReference "firebase-ios-sdk" */;
			productName = FirebaseFirestore;
		};
		F1A2CEDB273A960800FCB387 /* FirebaseFirestoreSwift-Beta */ = {
			isa = XCSwiftPackageProductDependency;
			package = F1A2CED4273A960700FCB387 /* XCRemoteSwiftPackageReference "firebase-ios-sdk" */;
			productName = "FirebaseFirestoreSwift-Beta";
		};
		F1A2CEDD273A960800FCB387 /* FirebaseMessaging */ = {
			isa = XCSwiftPackageProductDependency;
			package = F1A2CED4273A960700FCB387 /* XCRemoteSwiftPackageReference "firebase-ios-sdk" */;
			productName = FirebaseMessaging;
		};
		F1A2CEDF273A960800FCB387 /* FirebaseStorage */ = {
			isa = XCSwiftPackageProductDependency;
			package = F1A2CED4273A960700FCB387 /* XCRemoteSwiftPackageReference "firebase-ios-sdk" */;
			productName = FirebaseStorage;
		};
		F1A2CEFE273F89B200FCB387 /* SnapKit */ = {
			isa = XCSwiftPackageProductDependency;
			package = F1A2CEFD273F89B200FCB387 /* XCRemoteSwiftPackageReference "SnapKit" */;
			productName = SnapKit;
		};
		F1E19D56274DE08C004B4299 /* RxCocoa */ = {
			isa = XCSwiftPackageProductDependency;
			package = F1E19D55274DE08C004B4299 /* XCRemoteSwiftPackageReference "RxSwift" */;
			productName = RxCocoa;
		};
		F1E19D58274DE08C004B4299 /* RxSwift */ = {
			isa = XCSwiftPackageProductDependency;
			package = F1E19D55274DE08C004B4299 /* XCRemoteSwiftPackageReference "RxSwift" */;
			productName = RxSwift;
		};
/* End XCSwiftPackageProductDependency section */
	};
	rootObject = F1A2CE77273A7F1E00FCB387 /* Project object */;
}
